
Microsoft Visual Studio Solution File, Format Version 12.00
# Visual Studio Version 16
VisualStudioVersion = 16.0.29424.173
MinimumVisualStudioVersion = 10.0.40219.1
Project("{FAE04EC0-301F-11D3-BF4B-00C04F79EFBC}") = "ProgToInternet_WPF", "ProgToInternet_WPF\ProgToInternet_WPF.csproj", "{241B639C-49EE-4B26-BAED-AC310DDFA830}"
EndProject
Global
	GlobalSection(SolutionConfigurationPlatforms) = preSolution
		Debug|Any CPU = Debug|Any CPU
		Release|Any CPU = Release|Any CPU
	EndGlobalSection
	GlobalSection(ProjectConfigurationPlatforms) = postSolution
		{241B639C-49EE-4B26-BAED-AC310DDFA830}.Debug|Any CPU.ActiveCfg = Debug|Any CPU
		{241B639C-49EE-4B26-BAED-AC310DDFA830}.Debug|Any CPU.Build.0 = Debug|Any CPU
		{241B639C-49EE-4B26-BAED-AC310DDFA830}.Release|Any CPU.ActiveCfg = Release|Any CPU
		{241B639C-49EE-4B26-BAED-AC310DDFA830}.Release|Any CPU.Build.0 = Release|Any CPU
	EndGlobalSection
	GlobalSection(SolutionProperties) = preSolution
		HideSolutionNode = FALSE
	EndGlobalSection
	GlobalSection(ExtensibilityGlobals) = postSolution
		SolutionGuid = {4EBB2761-98AF-42C9-BD4D-C42DC2F63016}
	EndGlobalSection
EndGlobal
